// !$*UTF8*$!
{
	archiveVersion = 1;
	classes = {
	};
	objectVersion = 56;
	objects = {

/* Begin PBXBuildFile section */
		FBF283BA2CE2764300A2558C /* AppDelegate.swift in Sources */ = {isa = PBXBuildFile; fileRef = FBF283B92CE2764300A2558C /* AppDelegate.swift */; };
		FBF283BC2CE2764300A2558C /* SceneDelegate.swift in Sources */ = {isa = PBXBuildFile; fileRef = FBF283BB2CE2764300A2558C /* SceneDelegate.swift */; };
		FBF283BE2CE2764300A2558C /* ViewController.swift in Sources */ = {isa = PBXBuildFile; fileRef = FBF283BD2CE2764300A2558C /* ViewController.swift */; };
		FBF283C12CE2764300A2558C /* Base in Resources */ = {isa = PBXBuildFile; fileRef = FBF283C02CE2764300A2558C /* Base */; };
		FBF283C32CE2764300A2558C /* Assets.xcassets in Resources */ = {isa = PBXBuildFile; fileRef = FBF283C22CE2764300A2558C /* Assets.xcassets */; };
		FBF283C62CE2764300A2558C /* Base in Resources */ = {isa = PBXBuildFile; fileRef = FBF283C52CE2764300A2558C /* Base */; };
		FBF283D12CE2764300A2558C /* MonsterHighTests.swift in Sources */ = {isa = PBXBuildFile; fileRef = FBF283D02CE2764300A2558C /* MonsterHighTests.swift */; };
		FBF283DB2CE2764300A2558C /* MonsterHighUITests.swift in Sources */ = {isa = PBXBuildFile; fileRef = FBF283DA2CE2764300A2558C /* MonsterHighUITests.swift */; };
		FBF283DD2CE2764300A2558C /* MonsterHighUITestsLaunchTests.swift in Sources */ = {isa = PBXBuildFile; fileRef = FBF283DC2CE2764300A2558C /* MonsterHighUITestsLaunchTests.swift */; };
		FBF283EB2CE277D200A2558C /* MonsterService.swift in Sources */ = {isa = PBXBuildFile; fileRef = FBF283EA2CE277D200A2558C /* MonsterService.swift */; };
		FBF283F02CE2782800A2558C /* Monster.swift in Sources */ = {isa = PBXBuildFile; fileRef = FBF283EF2CE2782800A2558C /* Monster.swift */; };
		FBF283F22CE2785200A2558C /* MonsterCollectionViewCell.swift in Sources */ = {isa = PBXBuildFile; fileRef = FBF283F12CE2785200A2558C /* MonsterCollectionViewCell.swift */; };
		FBF283F42CE2787200A2558C /* ViewControllerLista.swift in Sources */ = {isa = PBXBuildFile; fileRef = FBF283F32CE2787200A2558C /* ViewControllerLista.swift */; };
		FBF283F62CE2789C00A2558C /* MonsterFormViewController.swift in Sources */ = {isa = PBXBuildFile; fileRef = FBF283F52CE2789C00A2558C /* MonsterFormViewController.swift */; };
		FBF283F82CE278BD00A2558C /* DetallesViewController.swift in Sources */ = {isa = PBXBuildFile; fileRef = FBF283F72CE278BD00A2558C /* DetallesViewController.swift */; };
/* End PBXBuildFile section */

/* Begin PBXContainerItemProxy section */
		FBF283CD2CE2764300A2558C /* PBXContainerItemProxy */ = {
			isa = PBXContainerItemProxy;
			containerPortal = FBF283AE2CE2764300A2558C /* Project object */;
			proxyType = 1;
			remoteGlobalIDString = FBF283B52CE2764300A2558C;
			remoteInfo = MonsterHigh;
		};
		FBF283D72CE2764300A2558C /* PBXContainerItemProxy */ = {
			isa = PBXContainerItemProxy;
			containerPortal = FBF283AE2CE2764300A2558C /* Project object */;
			proxyType = 1;
			remoteGlobalIDString = FBF283B52CE2764300A2558C;
			remoteInfo = MonsterHigh;
		};
/* End PBXContainerItemProxy section */

/* Begin PBXFileReference section */
		FBF283B62CE2764300A2558C /* MonsterHigh.app */ = {isa = PBXFileReference; explicitFileType = wrapper.application; includeInIndex = 0; path = MonsterHigh.app; sourceTree = BUILT_PRODUCTS_DIR; };
		FBF283B92CE2764300A2558C /* AppDelegate.swift */ = {isa = PBXFileReference; lastKnownFileType = sourcecode.swift; path = AppDelegate.swift; sourceTree = "<group>"; };
		FBF283BB2CE2764300A2558C /* SceneDelegate.swift */ = {isa = PBXFileReference; lastKnownFileType = sourcecode.swift; path = SceneDelegate.swift; sourceTree = "<group>"; };
		FBF283BD2CE2764300A2558C /* ViewController.swift */ = {isa = PBXFileReference; lastKnownFileType = sourcecode.swift; path = ViewController.swift; sourceTree = "<group>"; };
		FBF283C02CE2764300A2558C /* Base */ = {isa = PBXFileReference; lastKnownFileType = file.storyboard; name = Base; path = Base.lproj/Main.storyboard; sourceTree = "<group>"; };
		FBF283C22CE2764300A2558C /* Assets.xcassets */ = {isa = PBXFileReference; lastKnownFileType = folder.assetcatalog; path = Assets.xcassets; sourceTree = "<group>"; };
		FBF283C52CE2764300A2558C /* Base */ = {isa = PBXFileReference; lastKnownFileType = file.storyboard; name = Base; path = Base.lproj/LaunchScreen.storyboard; sourceTree = "<group>"; };
		FBF283C72CE2764300A2558C /* Info.plist */ = {isa = PBXFileReference; lastKnownFileType = text.plist.xml; path = Info.plist; sourceTree = "<group>"; };
		FBF283CC2CE2764300A2558C /* MonsterHighTests.xctest */ = {isa = PBXFileReference; explicitFileType = wrapper.cfbundle; includeInIndex = 0; path = MonsterHighTests.xctest; sourceTree = BUILT_PRODUCTS_DIR; };
		FBF283D02CE2764300A2558C /* MonsterHighTests.swift */ = {isa = PBXFileReference; lastKnownFileType = sourcecode.swift; path = MonsterHighTests.swift; sourceTree = "<group>"; };
		FBF283D62CE2764300A2558C /* MonsterHighUITests.xctest */ = {isa = PBXFileReference; explicitFileType = wrapper.cfbundle; includeInIndex = 0; path = MonsterHighUITests.xctest; sourceTree = BUILT_PRODUCTS_DIR; };
		FBF283DA2CE2764300A2558C /* MonsterHighUITests.swift */ = {isa = PBXFileReference; lastKnownFileType = sourcecode.swift; path = MonsterHighUITests.swift; sourceTree = "<group>"; };
		FBF283DC2CE2764300A2558C /* MonsterHighUITestsLaunchTests.swift */ = {isa = PBXFileReference; lastKnownFileType = sourcecode.swift; path = MonsterHighUITestsLaunchTests.swift; sourceTree = "<group>"; };
		FBF283EA2CE277D200A2558C /* MonsterService.swift */ = {isa = PBXFileReference; lastKnownFileType = sourcecode.swift; path = MonsterService.swift; sourceTree = "<group>"; };
		FBF283EF2CE2782800A2558C /* Monster.swift */ = {isa = PBXFileReference; lastKnownFileType = sourcecode.swift; path = Monster.swift; sourceTree = "<group>"; };
		FBF283F12CE2785200A2558C /* MonsterCollectionViewCell.swift */ = {isa = PBXFileReference; lastKnownFileType = sourcecode.swift; path = MonsterCollectionViewCell.swift; sourceTree = "<group>"; };
		FBF283F32CE2787200A2558C /* ViewControllerLista.swift */ = {isa = PBXFileReference; lastKnownFileType = sourcecode.swift; path = ViewControllerLista.swift; sourceTree = "<group>"; };
		FBF283F52CE2789C00A2558C /* MonsterFormViewController.swift */ = {isa = PBXFileReference; lastKnownFileType = sourcecode.swift; path = MonsterFormViewController.swift; sourceTree = "<group>"; };
		FBF283F72CE278BD00A2558C /* DetallesViewController.swift */ = {isa = PBXFileReference; lastKnownFileType = sourcecode.swift; path = DetallesViewController.swift; sourceTree = "<group>"; };
/* End PBXFileReference section */

/* Begin PBXFrameworksBuildPhase section */
		FBF283B32CE2764300A2558C /* Frameworks */ = {
			isa = PBXFrameworksBuildPhase;
			buildActionMask = 2147483647;
			files = (
			);
			runOnlyForDeploymentPostprocessing = 0;
		};
		FBF283C92CE2764300A2558C /* Frameworks */ = {
			isa = PBXFrameworksBuildPhase;
			buildActionMask = 2147483647;
			files = (
			);
			runOnlyForDeploymentPostprocessing = 0;
		};
		FBF283D32CE2764300A2558C /* Frameworks */ = {
			isa = PBXFrameworksBuildPhase;
			buildActionMask = 2147483647;
			files = (
			);
			runOnlyForDeploymentPostprocessing = 0;
		};
/* End PBXFrameworksBuildPhase section */

/* Begin PBXGroup section */
		FBF283AD2CE2764300A2558C = {
			isa = PBXGroup;
			children = (
				FBF283B82CE2764300A2558C /* MonsterHigh */,
				FBF283CF2CE2764300A2558C /* MonsterHighTests */,
				FBF283D92CE2764300A2558C /* MonsterHighUITests */,
				FBF283B72CE2764300A2558C /* Products */,
			);
			sourceTree = "<group>";
		};
		FBF283B72CE2764300A2558C /* Products */ = {
			isa = PBXGroup;
			children = (
				FBF283B62CE2764300A2558C /* MonsterHigh.app */,
				FBF283CC2CE2764300A2558C /* MonsterHighTests.xctest */,
				FBF283D62CE2764300A2558C /* MonsterHighUITests.xctest */,
			);
			name = Products;
			sourceTree = "<group>";
		};
		FBF283B82CE2764300A2558C /* MonsterHigh */ = {
			isa = PBXGroup;
			children = (
				FBF283E92CE277C400A2558C /* Servicios */,
				FBF283EC2CE277EE00A2558C /* ViewCell */,
				FBF283EE2CE2780A00A2558C /* Pantallas */,
				FBF283ED2CE2780300A2558C /* Modelos */,
				FBF283B92CE2764300A2558C /* AppDelegate.swift */,
				FBF283BB2CE2764300A2558C /* SceneDelegate.swift */,
				FBF283BD2CE2764300A2558C /* ViewController.swift */,
				FBF283BF2CE2764300A2558C /* Main.storyboard */,
				FBF283C22CE2764300A2558C /* Assets.xcassets */,
				FBF283C42CE2764300A2558C /* LaunchScreen.storyboard */,
				FBF283C72CE2764300A2558C /* Info.plist */,
			);
			path = MonsterHigh;
			sourceTree = "<group>";
		};
		FBF283CF2CE2764300A2558C /* MonsterHighTests */ = {
			isa = PBXGroup;
			children = (
				FBF283D02CE2764300A2558C /* MonsterHighTests.swift */,
			);
			path = MonsterHighTests;
			sourceTree = "<group>";
		};
		FBF283D92CE2764300A2558C /* MonsterHighUITests */ = {
			isa = PBXGroup;
			children = (
				FBF283DA2CE2764300A2558C /* MonsterHighUITests.swift */,
				FBF283DC2CE2764300A2558C /* MonsterHighUITestsLaunchTests.swift */,
			);
			path = MonsterHighUITests;
			sourceTree = "<group>";
		};
		FBF283E92CE277C400A2558C /* Servicios */ = {
			isa = PBXGroup;
			children = (
				FBF283EA2CE277D200A2558C /* MonsterService.swift */,
			);
			path = Servicios;
			sourceTree = "<group>";
		};
		FBF283EC2CE277EE00A2558C /* ViewCell */ = {
			isa = PBXGroup;
			children = (
				FBF283F12CE2785200A2558C /* MonsterCollectionViewCell.swift */,
			);
			path = ViewCell;
			sourceTree = "<group>";
		};
		FBF283ED2CE2780300A2558C /* Modelos */ = {
			isa = PBXGroup;
			children = (
				FBF283EF2CE2782800A2558C /* Monster.swift */,
			);
			path = Modelos;
			sourceTree = "<group>";
		};
		FBF283EE2CE2780A00A2558C /* Pantallas */ = {
			isa = PBXGroup;
			children = (
				FBF283F32CE2787200A2558C /* ViewControllerLista.swift */,
				FBF283F52CE2789C00A2558C /* MonsterFormViewController.swift */,
				FBF283F72CE278BD00A2558C /* DetallesViewController.swift */,
			);
			path = Pantallas;
			sourceTree = "<group>";
		};
/* End PBXGroup section */

/* Begin PBXNativeTarget section */
		FBF283B52CE2764300A2558C /* MonsterHigh */ = {
			isa = PBXNativeTarget;
			buildConfigurationList = FBF283E02CE2764300A2558C /* Build configuration list for PBXNativeTarget "MonsterHigh" */;
			buildPhases = (
				FBF283B22CE2764300A2558C /* Sources */,
				FBF283B32CE2764300A2558C /* Frameworks */,
				FBF283B42CE2764300A2558C /* Resources */,
			);
			buildRules = (
			);
			dependencies = (
			);
			name = MonsterHigh;
			productName = MonsterHigh;
			productReference = FBF283B62CE2764300A2558C /* MonsterHigh.app */;
			productType = "com.apple.product-type.application";
		};
		FBF283CB2CE2764300A2558C /* MonsterHighTests */ = {
			isa = PBXNativeTarget;
			buildConfigurationList = FBF283E32CE2764300A2558C /* Build configuration list for PBXNativeTarget "MonsterHighTests" */;
			buildPhases = (
				FBF283C82CE2764300A2558C /* Sources */,
				FBF283C92CE2764300A2558C /* Frameworks */,
				FBF283CA2CE2764300A2558C /* Resources */,
			);
			buildRules = (
			);
			dependencies = (
				FBF283CE2CE2764300A2558C /* PBXTargetDependency */,
			);
			name = MonsterHighTests;
			productName = MonsterHighTests;
			productReference = FBF283CC2CE2764300A2558C /* MonsterHighTests.xctest */;
			productType = "com.apple.product-type.bundle.unit-test";
		};
		FBF283D52CE2764300A2558C /* MonsterHighUITests */ = {
			isa = PBXNativeTarget;
			buildConfigurationList = FBF283E62CE2764300A2558C /* Build configuration list for PBXNativeTarget "MonsterHighUITests" */;
			buildPhases = (
				FBF283D22CE2764300A2558C /* Sources */,
				FBF283D32CE2764300A2558C /* Frameworks */,
				FBF283D42CE2764300A2558C /* Resources */,
			);
			buildRules = (
			);
			dependencies = (
				FBF283D82CE2764300A2558C /* PBXTargetDependency */,
			);
			name = MonsterHighUITests;
			productName = MonsterHighUITests;
			productReference = FBF283D62CE2764300A2558C /* MonsterHighUITests.xctest */;
			productType = "com.apple.product-type.bundle.ui-testing";
		};
/* End PBXNativeTarget section */

/* Begin PBXProject section */
		FBF283AE2CE2764300A2558C /* Project object */ = {
			isa = PBXProject;
			attributes = {
				BuildIndependentTargetsInParallel = 1;
				LastSwiftUpdateCheck = 1540;
				LastUpgradeCheck = 1540;
				TargetAttributes = {
					FBF283B52CE2764300A2558C = {
						CreatedOnToolsVersion = 15.4;
					};
					FBF283CB2CE2764300A2558C = {
						CreatedOnToolsVersion = 15.4;
						TestTargetID = FBF283B52CE2764300A2558C;
					};
					FBF283D52CE2764300A2558C = {
						CreatedOnToolsVersion = 15.4;
						TestTargetID = FBF283B52CE2764300A2558C;
					};
				};
			};
			buildConfigurationList = FBF283B12CE2764300A2558C /* Build configuration list for PBXProject "MonsterHigh" */;
			compatibilityVersion = "Xcode 14.0";
			developmentRegion = en;
			hasScannedForEncodings = 0;
			knownRegions = (
				en,
				Base,
			);
			mainGroup = FBF283AD2CE2764300A2558C;
			productRefGroup = FBF283B72CE2764300A2558C /* Products */;
			projectDirPath = "";
			projectRoot = "";
			targets = (
				FBF283B52CE2764300A2558C /* MonsterHigh */,
				FBF283CB2CE2764300A2558C /* MonsterHighTests */,
				FBF283D52CE2764300A2558C /* MonsterHighUITests */,
			);
		};
/* End PBXProject section */

/* Begin PBXResourcesBuildPhase section */
		FBF283B42CE2764300A2558C /* Resources */ = {
			isa = PBXResourcesBuildPhase;
			buildActionMask = 2147483647;
			files = (
				FBF283C32CE2764300A2558C /* Assets.xcassets in Resources */,
				FBF283C62CE2764300A2558C /* Base in Resources */,
				FBF283C12CE2764300A2558C /* Base in Resources */,
			);
			runOnlyForDeploymentPostprocessing = 0;
		};
		FBF283CA2CE2764300A2558C /* Resources */ = {
			isa = PBXResourcesBuildPhase;
			buildActionMask = 2147483647;
			files = (
			);
			runOnlyForDeploymentPostprocessing = 0;
		};
		FBF283D42CE2764300A2558C /* Resources */ = {
			isa = PBXResourcesBuildPhase;
			buildActionMask = 2147483647;
			files = (
			);
			runOnlyForDeploymentPostprocessing = 0;
		};
/* End PBXResourcesBuildPhase section */

/* Begin PBXSourcesBuildPhase section */
		FBF283B22CE2764300A2558C /* Sources */ = {
			isa = PBXSourcesBuildPhase;
			buildActionMask = 2147483647;
			files = (
				FBF283F02CE2782800A2558C /* Monster.swift in Sources */,
				FBF283F42CE2787200A2558C /* ViewControllerLista.swift in Sources */,
				FBF283F82CE278BD00A2558C /* DetallesViewController.swift in Sources */,
				FBF283F22CE2785200A2558C /* MonsterCollectionViewCell.swift in Sources */,
				FBF283EB2CE277D200A2558C /* MonsterService.swift in Sources */,
				FBF283BE2CE2764300A2558C /* ViewController.swift in Sources */,
				FBF283F62CE2789C00A2558C /* MonsterFormViewController.swift in Sources */,
				FBF283BA2CE2764300A2558C /* AppDelegate.swift in Sources */,
				FBF283BC2CE2764300A2558C /* SceneDelegate.swift in Sources */,
			);
			runOnlyForDeploymentPostprocessing = 0;
		};
		FBF283C82CE2764300A2558C /* Sources */ = {
			isa = PBXSourcesBuildPhase;
			buildActionMask = 2147483647;
			files = (
				FBF283D12CE2764300A2558C /* MonsterHighTests.swift in Sources */,
			);
			runOnlyForDeploymentPostprocessing = 0;
		};
		FBF283D22CE2764300A2558C /* Sources */ = {
			isa = PBXSourcesBuildPhase;
			buildActionMask = 2147483647;
			files = (
				FBF283DB2CE2764300A2558C /* MonsterHighUITests.swift in Sources */,
				FBF283DD2CE2764300A2558C /* MonsterHighUITestsLaunchTests.swift in Sources */,
			);
			runOnlyForDeploymentPostprocessing = 0;
		};
/* End PBXSourcesBuildPhase section */

/* Begin PBXTargetDependency section */
		FBF283CE2CE2764300A2558C /* PBXTargetDependency */ = {
			isa = PBXTargetDependency;
			target = FBF283B52CE2764300A2558C /* MonsterHigh */;
			targetProxy = FBF283CD2CE2764300A2558C /* PBXContainerItemProxy */;
		};
		FBF283D82CE2764300A2558C /* PBXTargetDependency */ = {
			isa = PBXTargetDependency;
			target = FBF283B52CE2764300A2558C /* MonsterHigh */;
			targetProxy = FBF283D72CE2764300A2558C /* PBXContainerItemProxy */;
		};
/* End PBXTargetDependency section */

/* Begin PBXVariantGroup section */
		FBF283BF2CE2764300A2558C /* Main.storyboard */ = {
			isa = PBXVariantGroup;
			children = (
				FBF283C02CE2764300A2558C /* Base */,
			);
			name = Main.storyboard;
			sourceTree = "<group>";
		};
		FBF283C42CE2764300A2558C /* LaunchScreen.storyboard */ = {
			isa = PBXVariantGroup;
			children = (
				FBF283C52CE2764300A2558C /* Base */,
			);
			name = LaunchScreen.storyboard;
			sourceTree = "<group>";
		};
/* End PBXVariantGroup section */

/* Begin XCBuildConfiguration section */
		FBF283DE2CE2764300A2558C /* Debug */ = {
			isa = XCBuildConfiguration;
			buildSettings = {
				ALWAYS_SEARCH_USER_PATHS = NO;
				ASSETCATALOG_COMPILER_GENERATE_SWIFT_ASSET_SYMBOL_EXTENSIONS = YES;
				CLANG_ANALYZER_NONNULL = YES;
				CLANG_ANALYZER_NUMBER_OBJECT_CONVERSION = YES_AGGRESSIVE;
				CLANG_CXX_LANGUAGE_STANDARD = "gnu++20";
				CLANG_ENABLE_MODULES = YES;
				CLANG_ENABLE_OBJC_ARC = YES;
				CLANG_ENABLE_OBJC_WEAK = YES;
				CLANG_WARN_BLOCK_CAPTURE_AUTORELEASING = YES;
				CLANG_WARN_BOOL_CONVERSION = YES;
				CLANG_WARN_COMMA = YES;
				CLANG_WARN_CONSTANT_CONVERSION = YES;
				CLANG_WARN_DEPRECATED_OBJC_IMPLEMENTATIONS = YES;
				CLANG_WARN_DIRECT_OBJC_ISA_USAGE = YES_ERROR;
				CLANG_WARN_DOCUMENTATION_COMMENTS = YES;
				CLANG_WARN_EMPTY_BODY = YES;
				CLANG_WARN_ENUM_CONVERSION = YES;
				CLANG_WARN_INFINITE_RECURSION = YES;
				CLANG_WARN_INT_CONVERSION = YES;
				CLANG_WARN_NON_LITERAL_NULL_CONVERSION = YES;
				CLANG_WARN_OBJC_IMPLICIT_RETAIN_SELF = YES;
				CLANG_WARN_OBJC_LITERAL_CONVERSION = YES;
				CLANG_WARN_OBJC_ROOT_CLASS = YES_ERROR;
				CLANG_WARN_QUOTED_INCLUDE_IN_FRAMEWORK_HEADER = YES;
				CLANG_WARN_RANGE_LOOP_ANALYSIS = YES;
				CLANG_WARN_STRICT_PROTOTYPES = YES;
				CLANG_WARN_SUSPICIOUS_MOVE = YES;
				CLANG_WARN_UNGUARDED_AVAILABILITY = YES_AGGRESSIVE;
				CLANG_WARN_UNREACHABLE_CODE = YES;
				CLANG_WARN__DUPLICATE_METHOD_MATCH = YES;
				COPY_PHASE_STRIP = NO;
				DEBUG_INFORMATION_FORMAT = dwarf;
				ENABLE_STRICT_OBJC_MSGSEND = YES;
				ENABLE_TESTABILITY = YES;
				ENABLE_USER_SCRIPT_SANDBOXING = YES;
				GCC_C_LANGUAGE_STANDARD = gnu17;
				GCC_DYNAMIC_NO_PIC = NO;
				GCC_NO_COMMON_BLOCKS = YES;
				GCC_OPTIMIZATION_LEVEL = 0;
				GCC_PREPROCESSOR_DEFINITIONS = (
					"DEBUG=1",
					"$(inherited)",
				);
				GCC_WARN_64_TO_32_BIT_CONVERSION = YES;
				GCC_WARN_ABOUT_RETURN_TYPE = YES_ERROR;
				GCC_WARN_UNDECLARED_SELECTOR = YES;
				GCC_WARN_UNINITIALIZED_AUTOS = YES_AGGRESSIVE;
				GCC_WARN_UNUSED_FUNCTION = YES;
				GCC_WARN_UNUSED_VARIABLE = YES;
				IPHONEOS_DEPLOYMENT_TARGET = 17.5;
				LOCALIZATION_PREFERS_STRING_CATALOGS = YES;
				MTL_ENABLE_DEBUG_INFO = INCLUDE_SOURCE;
				MTL_FAST_MATH = YES;
				ONLY_ACTIVE_ARCH = YES;
				SDKROOT = iphoneos;
				SWIFT_ACTIVE_COMPILATION_CONDITIONS = "DEBUG $(inherited)";
				SWIFT_OPTIMIZATION_LEVEL = "-Onone";
			};
			name = Debug;
		};
		FBF283DF2CE2764300A2558C /* Release */ = {
			isa = XCBuildConfiguration;
			buildSettings = {
				ALWAYS_SEARCH_USER_PATHS = NO;
				ASSETCATALOG_COMPILER_GENERATE_SWIFT_ASSET_SYMBOL_EXTENSIONS = YES;
				CLANG_ANALYZER_NONNULL = YES;
				CLANG_ANALYZER_NUMBER_OBJECT_CONVERSION = YES_AGGRESSIVE;
				CLANG_CXX_LANGUAGE_STANDARD = "gnu++20";
				CLANG_ENABLE_MODULES = YES;
				CLANG_ENABLE_OBJC_ARC = YES;
				CLANG_ENABLE_OBJC_WEAK = YES;
				CLANG_WARN_BLOCK_CAPTURE_AUTORELEASING = YES;
				CLANG_WARN_BOOL_CONVERSION = YES;
				CLANG_WARN_COMMA = YES;
				CLANG_WARN_CONSTANT_CONVERSION = YES;
				CLANG_WARN_DEPRECATED_OBJC_IMPLEMENTATIONS = YES;
				CLANG_WARN_DIRECT_OBJC_ISA_USAGE = YES_ERROR;
				CLANG_WARN_DOCUMENTATION_COMMENTS = YES;
				CLANG_WARN_EMPTY_BODY = YES;
				CLANG_WARN_ENUM_CONVERSION = YES;
				CLANG_WARN_INFINITE_RECURSION = YES;
				CLANG_WARN_INT_CONVERSION = YES;
				CLANG_WARN_NON_LITERAL_NULL_CONVERSION = YES;
				CLANG_WARN_OBJC_IMPLICIT_RETAIN_SELF = YES;
				CLANG_WARN_OBJC_LITERAL_CONVERSION = YES;
				CLANG_WARN_OBJC_ROOT_CLASS = YES_ERROR;
				CLANG_WARN_QUOTED_INCLUDE_IN_FRAMEWORK_HEADER = YES;
				CLANG_WARN_RANGE_LOOP_ANALYSIS = YES;
				CLANG_WARN_STRICT_PROTOTYPES = YES;
				CLANG_WARN_SUSPICIOUS_MOVE = YES;
				CLANG_WARN_UNGUARDED_AVAILABILITY = YES_AGGRESSIVE;
				CLANG_WARN_UNREACHABLE_CODE = YES;
				CLANG_WARN__DUPLICATE_METHOD_MATCH = YES;
				COPY_PHASE_STRIP = NO;
				DEBUG_INFORMATION_FORMAT = "dwarf-with-dsym";
				ENABLE_NS_ASSERTIONS = NO;
				ENABLE_STRICT_OBJC_MSGSEND = YES;
				ENABLE_USER_SCRIPT_SANDBOXING = YES;
				GCC_C_LANGUAGE_STANDARD = gnu17;
				GCC_NO_COMMON_BLOCKS = YES;
				GCC_WARN_64_TO_32_BIT_CONVERSION = YES;
				GCC_WARN_ABOUT_RETURN_TYPE = YES_ERROR;
				GCC_WARN_UNDECLARED_SELECTOR = YES;
				GCC_WARN_UNINITIALIZED_AUTOS = YES_AGGRESSIVE;
				GCC_WARN_UNUSED_FUNCTION = YES;
				GCC_WARN_UNUSED_VARIABLE = YES;
				IPHONEOS_DEPLOYMENT_TARGET = 17.5;
				LOCALIZATION_PREFERS_STRING_CATALOGS = YES;
				MTL_ENABLE_DEBUG_INFO = NO;
				MTL_FAST_MATH = YES;
				SDKROOT = iphoneos;
				SWIFT_COMPILATION_MODE = wholemodule;
				VALIDATE_PRODUCT = YES;
			};
			name = Release;
		};
		FBF283E12CE2764300A2558C /* Debug */ = {
			isa = XCBuildConfiguration;
			buildSettings = {
				ASSETCATALOG_COMPILER_APPICON_NAME = AppIcon;
				ASSETCATALOG_COMPILER_GLOBAL_ACCENT_COLOR_NAME = AccentColor;
				CODE_SIGN_STYLE = Automatic;
				CURRENT_PROJECT_VERSION = 1;
				GENERATE_INFOPLIST_FILE = YES;
				INFOPLIST_FILE = MonsterHigh/Info.plist;
				INFOPLIST_KEY_UIApplicationSupportsIndirectInputEvents = YES;
				INFOPLIST_KEY_UILaunchStoryboardName = LaunchScreen;
				INFOPLIST_KEY_UIMainStoryboardFile = Main;
				INFOPLIST_KEY_UISupportedInterfaceOrientations_iPad = "UIInterfaceOrientationPortrait UIInterfaceOrientationPortraitUpsideDown UIInterfaceOrientationLandscapeLeft UIInterfaceOrientationLandscapeRight";
				INFOPLIST_KEY_UISupportedInterfaceOrientations_iPhone = "UIInterfaceOrientationPortrait UIInterfaceOrientationLandscapeLeft UIInterfaceOrientationLandscapeRight";
				LD_RUNPATH_SEARCH_PATHS = (
					"$(inherited)",
					"@executable_path/Frameworks",
				);
				MARKETING_VERSION = 1.0;
				PRODUCT_BUNDLE_IDENTIFIER = DDMI.MonsterHigh;
				PRODUCT_NAME = "$(TARGET_NAME)";
				SWIFT_EMIT_LOC_STRINGS = YES;
				SWIFT_VERSION = 5.0;
				TARGETED_DEVICE_FAMILY = "1,2";
			};
			name = Debug;
		};
		FBF283E22CE2764300A2558C /* Release */ = {
			isa = XCBuildConfiguration;
			buildSettings = {
				ASSETCATALOG_COMPILER_APPICON_NAME = AppIcon;
				ASSETCATALOG_COMPILER_GLOBAL_ACCENT_COLOR_NAME = AccentColor;
				CODE_SIGN_STYLE = Automatic;
				CURRENT_PROJECT_VERSION = 1;
				GENERATE_INFOPLIST_FILE = YES;
				INFOPLIST_FILE = MonsterHigh/Info.plist;
				INFOPLIST_KEY_UIApplicationSupportsIndirectInputEvents = YES;
				INFOPLIST_KEY_UILaunchStoryboardName = LaunchScreen;
				INFOPLIST_KEY_UIMainStoryboardFile = Main;
				INFOPLIST_KEY_UISupportedInterfaceOrientations_iPad = "UIInterfaceOrientationPortrait UIInterfaceOrientationPortraitUpsideDown UIInterfaceOrientationLandscapeLeft UIInterfaceOrientationLandscapeRight";
				INFOPLIST_KEY_UISupportedInterfaceOrientations_iPhone = "UIInterfaceOrientationPortrait UIInterfaceOrientationLandscapeLeft UIInterfaceOrientationLandscapeRight";
				LD_RUNPATH_SEARCH_PATHS = (
					"$(inherited)",
					"@executable_path/Frameworks",
				);
				MARKETING_VERSION = 1.0;
				PRODUCT_BUNDLE_IDENTIFIER = DDMI.MonsterHigh;
				PRODUCT_NAME = "$(TARGET_NAME)";
				SWIFT_EMIT_LOC_STRINGS = YES;
				SWIFT_VERSION = 5.0;
				TARGETED_DEVICE_FAMILY = "1,2";
			};
			name = Release;
		};
		FBF283E42CE2764300A2558C /* Debug */ = {
			isa = XCBuildConfiguration;
			buildSettings = {
				ALWAYS_EMBED_SWIFT_STANDARD_LIBRARIES = YES;
				BUNDLE_LOADER = "$(TEST_HOST)";
				CODE_SIGN_STYLE = Automatic;
				CURRENT_PROJECT_VERSION = 1;
				GENERATE_INFOPLIST_FILE = YES;
				IPHONEOS_DEPLOYMENT_TARGET = 17.5;
				MARKETING_VERSION = 1.0;
				PRODUCT_BUNDLE_IDENTIFIER = DDMI.MonsterHighTests;
				PRODUCT_NAME = "$(TARGET_NAME)";
				SWIFT_EMIT_LOC_STRINGS = NO;
				SWIFT_VERSION = 5.0;
				TARGETED_DEVICE_FAMILY = "1,2";
				TEST_HOST = "$(BUILT_PRODUCTS_DIR)/MonsterHigh.app/$(BUNDLE_EXECUTABLE_FOLDER_PATH)/MonsterHigh";
			};
			name = Debug;
		};
		FBF283E52CE2764300A2558C /* Release */ = {
			isa = XCBuildConfiguration;
			buildSettings = {
				ALWAYS_EMBED_SWIFT_STANDARD_LIBRARIES = YES;
				BUNDLE_LOADER = "$(TEST_HOST)";
				CODE_SIGN_STYLE = Automatic;
				CURRENT_PROJECT_VERSION = 1;
				GENERATE_INFOPLIST_FILE = YES;
				IPHONEOS_DEPLOYMENT_TARGET = 17.5;
				MARKETING_VERSION = 1.0;
				PRODUCT_BUNDLE_IDENTIFIER = DDMI.MonsterHighTests;
				PRODUCT_NAME = "$(TARGET_NAME)";
				SWIFT_EMIT_LOC_STRINGS = NO;
				SWIFT_VERSION = 5.0;
				TARGETED_DEVICE_FAMILY = "1,2";
				TEST_HOST = "$(BUILT_PRODUCTS_DIR)/MonsterHigh.app/$(BUNDLE_EXECUTABLE_FOLDER_PATH)/MonsterHigh";
			};
			name = Release;
		};
		FBF283E72CE2764300A2558C /* Debug */ = {
			isa = XCBuildConfiguration;
			buildSettings = {
				ALWAYS_EMBED_SWIFT_STANDARD_LIBRARIES = YES;
				CODE_SIGN_STYLE = Automatic;
				CURRENT_PROJECT_VERSION = 1;
				GENERATE_INFOPLIST_FILE = YES;
				MARKETING_VERSION = 1.0;
				PRODUCT_BUNDLE_IDENTIFIER = DDMI.MonsterHighUITests;
				PRODUCT_NAME = "$(TARGET_NAME)";
				SWIFT_EMIT_LOC_STRINGS = NO;
				SWIFT_VERSION = 5.0;
				TARGETED_DEVICE_FAMILY = "1,2";
				TEST_TARGET_NAME = MonsterHigh;
			};
			name = Debug;
		};
		FBF283E82CE2764300A2558C /* Release */ = {
			isa = XCBuildConfiguration;
			buildSettings = {
				ALWAYS_EMBED_SWIFT_STANDARD_LIBRARIES = YES;
				CODE_SIGN_STYLE = Automatic;
				CURRENT_PROJECT_VERSION = 1;
				GENERATE_INFOPLIST_FILE = YES;
				MARKETING_VERSION = 1.0;
				PRODUCT_BUNDLE_IDENTIFIER = DDMI.MonsterHighUITests;
				PRODUCT_NAME = "$(TARGET_NAME)";
				SWIFT_EMIT_LOC_STRINGS = NO;
				SWIFT_VERSION = 5.0;
				TARGETED_DEVICE_FAMILY = "1,2";
				TEST_TARGET_NAME = MonsterHigh;
			};
			name = Release;
		};
/* End XCBuildConfiguration section */

/* Begin XCConfigurationList section */
		FBF283B12CE2764300A2558C /* Build configuration list for PBXProject "MonsterHigh" */ = {
			isa = XCConfigurationList;
			buildConfigurations = (
				FBF283DE2CE2764300A2558C /* Debug */,
				FBF283DF2CE2764300A2558C /* Release */,
			);
			defaultConfigurationIsVisible = 0;
			defaultConfigurationName = Release;
		};
		FBF283E02CE2764300A2558C /* Build configuration list for PBXNativeTarget "MonsterHigh" */ = {
			isa = XCConfigurationList;
			buildConfigurations = (
				FBF283E12CE2764300A2558C /* Debug */,
				FBF283E22CE2764300A2558C /* Release */,
			);
			defaultConfigurationIsVisible = 0;
			defaultConfigurationName = Release;
		};
		FBF283E32CE2764300A2558C /* Build configuration list for PBXNativeTarget "MonsterHighTests" */ = {
			isa = XCConfigurationList;
			buildConfigurations = (
				FBF283E42CE2764300A2558C /* Debug */,
				FBF283E52CE2764300A2558C /* Release */,
			);
			defaultConfigurationIsVisible = 0;
			defaultConfigurationName = Release;
		};
		FBF283E62CE2764300A2558C /* Build configuration list for PBXNativeTarget "MonsterHighUITests" */ = {
			isa = XCConfigurationList;
			buildConfigurations = (
				FBF283E72CE2764300A2558C /* Debug */,
				FBF283E82CE2764300A2558C /* Release */,
			);
			defaultConfigurationIsVisible = 0;
			defaultConfigurationName = Release;
		};
/* End XCConfigurationList section */
	};
	rootObject = FBF283AE2CE2764300A2558C /* Project object */;
}
